github.com/bobbae/examples v0.0.0-20210616223708-1b3775f72243 h1:QyDueDloMueuyH3B8l3mOcOblh0LO1TwIpqQhdSj4No=
github.com/bobbae/examples/gomisc v0.0.0-20210616223708-1b3775f72243 h1:qsmydRya/yYefeMybb/Tm+MVET1z+8MLnzMotGPCmPg=
github.com/nishanths/go-xkcd v2.0.1-0.20200515110959-4726b81e9134+incompatible h1:UdDYYBlc2fzX0IoMd7ZG/l5lTLWrVV8BVVNBUtFLniQ=
github.com/nishanths/go-xkcd v2.0.1-0.20200515110959-4726b81e9134+incompatible/go.mod h1:R7jhXmaqF0tVqZCC6SR+1nhmS2RvzF7oQF96fZXDAXQ=
